
Microsoft Visual Studio Solution File, Format Version 12.00
# Visual Studio Version 17
VisualStudioVersion = 17.4.33403.182
MinimumVisualStudioVersion = 10.0.40219.1
Project("{9A19103F-16F7-4668-BE54-9A1E7A4F7556}") = "AOPossum", "AOPossum\AOPossum.csproj", "{DBB6F461-A0DA-49D7-BE22-0A0FE7819187}"
EndProject
Project("{9A19103F-16F7-4668-BE54-9A1E7A4F7556}") = "AOPossum.Engine", "AOPossum.Engine\AOPossum.Engine.csproj", "{CD8BE55D-1CF7-401D-A6A9-D3A2317CA203}"
EndProject
Project("{2150E333-8FDC-42A3-9474-1A3956D46DE8}") = "Test", "Test", "{371A55F3-E594-4E8F-A7BF-FDF0459958C0}"
EndProject
Project("{9A19103F-16F7-4668-BE54-9A1E7A4F7556}") = "MockLibrary", "Test\MockLibrary\MockLibrary.csproj", "{9589BEA1-5F51-41BA-AECD-E6478006E8D7}"
EndProject
Project("{2150E333-8FDC-42A3-9474-1A3956D46DE8}") = "samples", "samples", "{58F7A2C0-82E9-4032-B203-C1D52DD47BD3}"
EndProject
Project("{9A19103F-16F7-4668-BE54-9A1E7A4F7556}") = "AOPossum.Samples.ConsoleLogging.Default", "..\samples\AOPossum.Samples.ConsoleLogging.Default\AOPossum.Samples.ConsoleLogging.Default.csproj", "{AED09222-D76C-4C17-8C26-6143F565FDB9}"
EndProject
Project("{2150E333-8FDC-42A3-9474-1A3956D46DE8}") = "Solution Items", "Solution Items", "{2F1F4A40-E754-4AFF-89BB-4519B141EDA4}"
	ProjectSection(SolutionItems) = preProject
		.editorconfig = .editorconfig
		..\.gitignore = ..\.gitignore
		Directory.Build.props = Directory.Build.props
		..\README.md = ..\README.md
	EndProjectSection
EndProject
Project("{9A19103F-16F7-4668-BE54-9A1E7A4F7556}") = "MockConsole", "Test\MockConsole\MockConsole.csproj", "{D84B5859-6B8E-4448-A373-69E369BE0326}"
EndProject
Project("{9A19103F-16F7-4668-BE54-9A1E7A4F7556}") = "AOPossum.Package", "AOPossum.Package\AOPossum.Package.csproj", "{D2F5BFB8-AC7D-4FDD-B6C5-FA38D8B9CFCC}"
	ProjectSection(ProjectDependencies) = postProject
		{CD8BE55D-1CF7-401D-A6A9-D3A2317CA203} = {CD8BE55D-1CF7-401D-A6A9-D3A2317CA203}
		{DBB6F461-A0DA-49D7-BE22-0A0FE7819187} = {DBB6F461-A0DA-49D7-BE22-0A0FE7819187}
	EndProjectSection
EndProject
Project("{FAE04EC0-301F-11D3-BF4B-00C04F79EFBC}") = "AOPossum.Tests", "Test\AOPossum.Tests\AOPossum.Tests.csproj", "{6D4AB22B-9A77-4CE7-96A3-B737EA9CAAA7}"
EndProject
Project("{D954291E-2A0B-460D-934E-DC6B0785DB48}") = "Mock.Shared", "Test\Mock.Shared\Mock.Shared.shproj", "{41521AB4-AFAE-40B3-8BB6-C5DE8CCF1C7E}"
EndProject
Global
	GlobalSection(SolutionConfigurationPlatforms) = preSolution
		Debug|Any CPU = Debug|Any CPU
		Release|Any CPU = Release|Any CPU
		Test|Any CPU = Test|Any CPU
	EndGlobalSection
	GlobalSection(ProjectConfigurationPlatforms) = postSolution
		{DBB6F461-A0DA-49D7-BE22-0A0FE7819187}.Debug|Any CPU.ActiveCfg = Debug|Any CPU
		{DBB6F461-A0DA-49D7-BE22-0A0FE7819187}.Debug|Any CPU.Build.0 = Debug|Any CPU
		{DBB6F461-A0DA-49D7-BE22-0A0FE7819187}.Release|Any CPU.ActiveCfg = Release|Any CPU
		{DBB6F461-A0DA-49D7-BE22-0A0FE7819187}.Release|Any CPU.Build.0 = Release|Any CPU
		{DBB6F461-A0DA-49D7-BE22-0A0FE7819187}.Test|Any CPU.ActiveCfg = Test|Any CPU
		{DBB6F461-A0DA-49D7-BE22-0A0FE7819187}.Test|Any CPU.Build.0 = Test|Any CPU
		{CD8BE55D-1CF7-401D-A6A9-D3A2317CA203}.Debug|Any CPU.ActiveCfg = Debug|Any CPU
		{CD8BE55D-1CF7-401D-A6A9-D3A2317CA203}.Debug|Any CPU.Build.0 = Debug|Any CPU
		{CD8BE55D-1CF7-401D-A6A9-D3A2317CA203}.Release|Any CPU.ActiveCfg = Release|Any CPU
		{CD8BE55D-1CF7-401D-A6A9-D3A2317CA203}.Release|Any CPU.Build.0 = Release|Any CPU
		{CD8BE55D-1CF7-401D-A6A9-D3A2317CA203}.Test|Any CPU.ActiveCfg = Test|Any CPU
		{CD8BE55D-1CF7-401D-A6A9-D3A2317CA203}.Test|Any CPU.Build.0 = Test|Any CPU
		{9589BEA1-5F51-41BA-AECD-E6478006E8D7}.Debug|Any CPU.ActiveCfg = Debug|Any CPU
		{9589BEA1-5F51-41BA-AECD-E6478006E8D7}.Debug|Any CPU.Build.0 = Debug|Any CPU
		{9589BEA1-5F51-41BA-AECD-E6478006E8D7}.Release|Any CPU.ActiveCfg = Release|Any CPU
		{9589BEA1-5F51-41BA-AECD-E6478006E8D7}.Release|Any CPU.Build.0 = Release|Any CPU
		{9589BEA1-5F51-41BA-AECD-E6478006E8D7}.Test|Any CPU.ActiveCfg = Test|Any CPU
		{9589BEA1-5F51-41BA-AECD-E6478006E8D7}.Test|Any CPU.Build.0 = Test|Any CPU
		{AED09222-D76C-4C17-8C26-6143F565FDB9}.Debug|Any CPU.ActiveCfg = Debug|Any CPU
		{AED09222-D76C-4C17-8C26-6143F565FDB9}.Debug|Any CPU.Build.0 = Debug|Any CPU
		{AED09222-D76C-4C17-8C26-6143F565FDB9}.Release|Any CPU.ActiveCfg = Release|Any CPU
		{AED09222-D76C-4C17-8C26-6143F565FDB9}.Release|Any CPU.Build.0 = Release|Any CPU
		{AED09222-D76C-4C17-8C26-6143F565FDB9}.Test|Any CPU.ActiveCfg = Debug|Any CPU
		{AED09222-D76C-4C17-8C26-6143F565FDB9}.Test|Any CPU.Build.0 = Debug|Any CPU
		{D84B5859-6B8E-4448-A373-69E369BE0326}.Debug|Any CPU.ActiveCfg = Debug|Any CPU
		{D84B5859-6B8E-4448-A373-69E369BE0326}.Debug|Any CPU.Build.0 = Debug|Any CPU
		{D84B5859-6B8E-4448-A373-69E369BE0326}.Release|Any CPU.ActiveCfg = Release|Any CPU
		{D84B5859-6B8E-4448-A373-69E369BE0326}.Release|Any CPU.Build.0 = Release|Any CPU
		{D84B5859-6B8E-4448-A373-69E369BE0326}.Test|Any CPU.ActiveCfg = Debug|Any CPU
		{D84B5859-6B8E-4448-A373-69E369BE0326}.Test|Any CPU.Build.0 = Debug|Any CPU
		{D2F5BFB8-AC7D-4FDD-B6C5-FA38D8B9CFCC}.Debug|Any CPU.ActiveCfg = Debug|Any CPU
		{D2F5BFB8-AC7D-4FDD-B6C5-FA38D8B9CFCC}.Debug|Any CPU.Build.0 = Debug|Any CPU
		{D2F5BFB8-AC7D-4FDD-B6C5-FA38D8B9CFCC}.Release|Any CPU.ActiveCfg = Release|Any CPU
		{D2F5BFB8-AC7D-4FDD-B6C5-FA38D8B9CFCC}.Release|Any CPU.Build.0 = Release|Any CPU
		{D2F5BFB8-AC7D-4FDD-B6C5-FA38D8B9CFCC}.Test|Any CPU.ActiveCfg = Debug|Any CPU
		{D2F5BFB8-AC7D-4FDD-B6C5-FA38D8B9CFCC}.Test|Any CPU.Build.0 = Debug|Any CPU
		{6D4AB22B-9A77-4CE7-96A3-B737EA9CAAA7}.Debug|Any CPU.ActiveCfg = Debug|Any CPU
		{6D4AB22B-9A77-4CE7-96A3-B737EA9CAAA7}.Debug|Any CPU.Build.0 = Debug|Any CPU
		{6D4AB22B-9A77-4CE7-96A3-B737EA9CAAA7}.Release|Any CPU.ActiveCfg = Release|Any CPU
		{6D4AB22B-9A77-4CE7-96A3-B737EA9CAAA7}.Release|Any CPU.Build.0 = Release|Any CPU
		{6D4AB22B-9A77-4CE7-96A3-B737EA9CAAA7}.Test|Any CPU.ActiveCfg = Debug|Any CPU
		{6D4AB22B-9A77-4CE7-96A3-B737EA9CAAA7}.Test|Any CPU.Build.0 = Debug|Any CPU
	EndGlobalSection
	GlobalSection(SolutionProperties) = preSolution
		HideSolutionNode = FALSE
	EndGlobalSection
	GlobalSection(NestedProjects) = preSolution
		{9589BEA1-5F51-41BA-AECD-E6478006E8D7} = {371A55F3-E594-4E8F-A7BF-FDF0459958C0}
		{AED09222-D76C-4C17-8C26-6143F565FDB9} = {58F7A2C0-82E9-4032-B203-C1D52DD47BD3}
		{D84B5859-6B8E-4448-A373-69E369BE0326} = {371A55F3-E594-4E8F-A7BF-FDF0459958C0}
		{6D4AB22B-9A77-4CE7-96A3-B737EA9CAAA7} = {371A55F3-E594-4E8F-A7BF-FDF0459958C0}
		{41521AB4-AFAE-40B3-8BB6-C5DE8CCF1C7E} = {371A55F3-E594-4E8F-A7BF-FDF0459958C0}
	EndGlobalSection
	GlobalSection(ExtensibilityGlobals) = postSolution
		SolutionGuid = {F4094E60-D42B-4806-8FF2-D5C04531AB6B}
	EndGlobalSection
	GlobalSection(SharedMSBuildProjectFiles) = preSolution
		Test\Mock.Shared\Mock.Shared.projitems*{41521ab4-afae-40b3-8bb6-c5de8ccf1c7e}*SharedItemsImports = 13
		Test\Mock.Shared\Mock.Shared.projitems*{6d4ab22b-9a77-4ce7-96a3-b737ea9caaa7}*SharedItemsImports = 5
		Test\Mock.Shared\Mock.Shared.projitems*{9589bea1-5f51-41ba-aecd-e6478006e8d7}*SharedItemsImports = 5
	EndGlobalSection
EndGlobal
