
Microsoft Visual Studio Solution File, Format Version 12.00
# Visual Studio Version 17
VisualStudioVersion = 17.4.33403.182
MinimumVisualStudioVersion = 10.0.40219.1
Project("{9A19103F-16F7-4668-BE54-9A1E7A4F7556}") = "AOPossum", "AOPossum\AOPossum.csproj", "{DBB6F461-A0DA-49D7-BE22-0A0FE7819187}"
EndProject
Project("{FAE04EC0-301F-11D3-BF4B-00C04F79EFBC}") = "AOPossum.Engine", "AOPossum.Engine\AOPossum.Engine.csproj", "{CD8BE55D-1CF7-401D-A6A9-D3A2317CA203}"
EndProject
Global
	GlobalSection(SolutionConfigurationPlatforms) = preSolution
		Debug|Any CPU = Debug|Any CPU
		Release|Any CPU = Release|Any CPU
	EndGlobalSection
	GlobalSection(ProjectConfigurationPlatforms) = postSolution
		{DBB6F461-A0DA-49D7-BE22-0A0FE7819187}.Debug|Any CPU.ActiveCfg = Debug|Any CPU
		{DBB6F461-A0DA-49D7-BE22-0A0FE7819187}.Debug|Any CPU.Build.0 = Debug|Any CPU
		{DBB6F461-A0DA-49D7-BE22-0A0FE7819187}.Release|Any CPU.ActiveCfg = Release|Any CPU
		{DBB6F461-A0DA-49D7-BE22-0A0FE7819187}.Release|Any CPU.Build.0 = Release|Any CPU
		{CD8BE55D-1CF7-401D-A6A9-D3A2317CA203}.Debug|Any CPU.ActiveCfg = Debug|Any CPU
		{CD8BE55D-1CF7-401D-A6A9-D3A2317CA203}.Debug|Any CPU.Build.0 = Debug|Any CPU
		{CD8BE55D-1CF7-401D-A6A9-D3A2317CA203}.Release|Any CPU.ActiveCfg = Release|Any CPU
		{CD8BE55D-1CF7-401D-A6A9-D3A2317CA203}.Release|Any CPU.Build.0 = Release|Any CPU
	EndGlobalSection
	GlobalSection(SolutionProperties) = preSolution
		HideSolutionNode = FALSE
	EndGlobalSection
	GlobalSection(ExtensibilityGlobals) = postSolution
		SolutionGuid = {F4094E60-D42B-4806-8FF2-D5C04531AB6B}
	EndGlobalSection
EndGlobal
